
Microsoft Visual Studio Solution File, Format Version 12.00
# Visual Studio Version 17
VisualStudioVersion = 17.5.33516.290
MinimumVisualStudioVersion = 10.0.40219.1
Project("{FAE04EC0-301F-11D3-BF4B-00C04F79EFBC}") = "ConsoleApp1", "ConsoleApp1\ConsoleApp1.csproj", "{A420C21A-37BD-43C2-85A0-8507341605F9}"
EndProject
Global
	GlobalSection(SolutionConfigurationPlatforms) = preSolution
		Debug|Any CPU = Debug|Any CPU
		Release|Any CPU = Release|Any CPU
	EndGlobalSection
	GlobalSection(ProjectConfigurationPlatforms) = postSolution
		{A420C21A-37BD-43C2-85A0-8507341605F9}.Debug|Any CPU.ActiveCfg = Debug|Any CPU
		{A420C21A-37BD-43C2-85A0-8507341605F9}.Debug|Any CPU.Build.0 = Debug|Any CPU
		{A420C21A-37BD-43C2-85A0-8507341605F9}.Release|Any CPU.ActiveCfg = Release|Any CPU
		{A420C21A-37BD-43C2-85A0-8507341605F9}.Release|Any CPU.Build.0 = Release|Any CPU
	EndGlobalSection
	GlobalSection(SolutionProperties) = preSolution
		HideSolutionNode = FALSE
	EndGlobalSection
	GlobalSection(ExtensibilityGlobals) = postSolution
		SolutionGuid = {0A1318B7-A41F-41D2-B91F-5B3DFC58B335}
	EndGlobalSection
EndGlobal
