
Microsoft Visual Studio Solution File, Format Version 12.00
# Visual Studio Version 17
VisualStudioVersion = 17.5.33516.290
MinimumVisualStudioVersion = 10.0.40219.1
Project("{FAE04EC0-301F-11D3-BF4B-00C04F79EFBC}") = "PDgrid", "PDgrid\PDgrid.csproj", "{93A9767B-2EB7-4ABD-9BED-6078E114A52E}"
EndProject
Global
	GlobalSection(SolutionConfigurationPlatforms) = preSolution
		Debug|Any CPU = Debug|Any CPU
		Release|Any CPU = Release|Any CPU
	EndGlobalSection
	GlobalSection(ProjectConfigurationPlatforms) = postSolution
		{93A9767B-2EB7-4ABD-9BED-6078E114A52E}.Debug|Any CPU.ActiveCfg = Debug|Any CPU
		{93A9767B-2EB7-4ABD-9BED-6078E114A52E}.Debug|Any CPU.Build.0 = Debug|Any CPU
		{93A9767B-2EB7-4ABD-9BED-6078E114A52E}.Release|Any CPU.ActiveCfg = Release|Any CPU
		{93A9767B-2EB7-4ABD-9BED-6078E114A52E}.Release|Any CPU.Build.0 = Release|Any CPU
	EndGlobalSection
	GlobalSection(SolutionProperties) = preSolution
		HideSolutionNode = FALSE
	EndGlobalSection
	GlobalSection(ExtensibilityGlobals) = postSolution
		SolutionGuid = {6281C0A1-5608-44B7-80C8-16FF5E76B80B}
	EndGlobalSection
EndGlobal
