
Microsoft Visual Studio Solution File, Format Version 12.00
# Visual Studio Version 17
VisualStudioVersion = 17.5.33516.290
MinimumVisualStudioVersion = 10.0.40219.1
Project("{FAE04EC0-301F-11D3-BF4B-00C04F79EFBC}") = "Problem2", "Problem2\Problem2.csproj", "{DA840FC5-3BE8-4765-B124-50EF100BA84A}"
EndProject
Global
	GlobalSection(SolutionConfigurationPlatforms) = preSolution
		Debug|Any CPU = Debug|Any CPU
		Release|Any CPU = Release|Any CPU
	EndGlobalSection
	GlobalSection(ProjectConfigurationPlatforms) = postSolution
		{DA840FC5-3BE8-4765-B124-50EF100BA84A}.Debug|Any CPU.ActiveCfg = Debug|Any CPU
		{DA840FC5-3BE8-4765-B124-50EF100BA84A}.Debug|Any CPU.Build.0 = Debug|Any CPU
		{DA840FC5-3BE8-4765-B124-50EF100BA84A}.Release|Any CPU.ActiveCfg = Release|Any CPU
		{DA840FC5-3BE8-4765-B124-50EF100BA84A}.Release|Any CPU.Build.0 = Release|Any CPU
	EndGlobalSection
	GlobalSection(SolutionProperties) = preSolution
		HideSolutionNode = FALSE
	EndGlobalSection
	GlobalSection(ExtensibilityGlobals) = postSolution
		SolutionGuid = {B6DEDC64-344D-4F5D-88C4-091F7B7D1266}
	EndGlobalSection
EndGlobal
