
Microsoft Visual Studio Solution File, Format Version 12.00
# Visual Studio Version 17
VisualStudioVersion = 17.5.33516.290
MinimumVisualStudioVersion = 10.0.40219.1
Project("{FAE04EC0-301F-11D3-BF4B-00C04F79EFBC}") = "PD4game", "PD4game\PD4game.csproj", "{2B33457E-3E17-4FBD-B47B-AD9912A5D530}"
EndProject
Global
	GlobalSection(SolutionConfigurationPlatforms) = preSolution
		Debug|Any CPU = Debug|Any CPU
		Release|Any CPU = Release|Any CPU
	EndGlobalSection
	GlobalSection(ProjectConfigurationPlatforms) = postSolution
		{2B33457E-3E17-4FBD-B47B-AD9912A5D530}.Debug|Any CPU.ActiveCfg = Debug|Any CPU
		{2B33457E-3E17-4FBD-B47B-AD9912A5D530}.Debug|Any CPU.Build.0 = Debug|Any CPU
		{2B33457E-3E17-4FBD-B47B-AD9912A5D530}.Release|Any CPU.ActiveCfg = Release|Any CPU
		{2B33457E-3E17-4FBD-B47B-AD9912A5D530}.Release|Any CPU.Build.0 = Release|Any CPU
	EndGlobalSection
	GlobalSection(SolutionProperties) = preSolution
		HideSolutionNode = FALSE
	EndGlobalSection
	GlobalSection(ExtensibilityGlobals) = postSolution
		SolutionGuid = {A6ADC9BD-2144-4720-BEBE-6A5EDBD3D606}
	EndGlobalSection
EndGlobal
