
Microsoft Visual Studio Solution File, Format Version 12.00
# Visual Studio Version 17
VisualStudioVersion = 17.5.33516.290
MinimumVisualStudioVersion = 10.0.40219.1
Project("{FAE04EC0-301F-11D3-BF4B-00C04F79EFBC}") = "Lab2OOP", "Lab2OOP\Lab2OOP.csproj", "{6B5BD500-99B2-4848-AD79-81A0A8CD4891}"
EndProject
Global
	GlobalSection(SolutionConfigurationPlatforms) = preSolution
		Debug|Any CPU = Debug|Any CPU
		Release|Any CPU = Release|Any CPU
	EndGlobalSection
	GlobalSection(ProjectConfigurationPlatforms) = postSolution
		{6B5BD500-99B2-4848-AD79-81A0A8CD4891}.Debug|Any CPU.ActiveCfg = Debug|Any CPU
		{6B5BD500-99B2-4848-AD79-81A0A8CD4891}.Debug|Any CPU.Build.0 = Debug|Any CPU
		{6B5BD500-99B2-4848-AD79-81A0A8CD4891}.Release|Any CPU.ActiveCfg = Release|Any CPU
		{6B5BD500-99B2-4848-AD79-81A0A8CD4891}.Release|Any CPU.Build.0 = Release|Any CPU
	EndGlobalSection
	GlobalSection(SolutionProperties) = preSolution
		HideSolutionNode = FALSE
	EndGlobalSection
	GlobalSection(ExtensibilityGlobals) = postSolution
		SolutionGuid = {70B94DE3-4838-4183-9042-421B0B3E3D91}
	EndGlobalSection
EndGlobal
