
Microsoft Visual Studio Solution File, Format Version 12.00
# Visual Studio Version 17
VisualStudioVersion = 17.5.33516.290
MinimumVisualStudioVersion = 10.0.40219.1
Project("{FAE04EC0-301F-11D3-BF4B-00C04F79EFBC}") = "ConsoleApp1", "ConsoleApp1\ConsoleApp1.csproj", "{678CEC90-1A9C-448B-B01B-520573AAEEFD}"
EndProject
Global
	GlobalSection(SolutionConfigurationPlatforms) = preSolution
		Debug|Any CPU = Debug|Any CPU
		Release|Any CPU = Release|Any CPU
	EndGlobalSection
	GlobalSection(ProjectConfigurationPlatforms) = postSolution
		{678CEC90-1A9C-448B-B01B-520573AAEEFD}.Debug|Any CPU.ActiveCfg = Debug|Any CPU
		{678CEC90-1A9C-448B-B01B-520573AAEEFD}.Debug|Any CPU.Build.0 = Debug|Any CPU
		{678CEC90-1A9C-448B-B01B-520573AAEEFD}.Release|Any CPU.ActiveCfg = Release|Any CPU
		{678CEC90-1A9C-448B-B01B-520573AAEEFD}.Release|Any CPU.Build.0 = Release|Any CPU
	EndGlobalSection
	GlobalSection(SolutionProperties) = preSolution
		HideSolutionNode = FALSE
	EndGlobalSection
	GlobalSection(ExtensibilityGlobals) = postSolution
		SolutionGuid = {B7553EF5-BE37-417F-803A-A5AED132F8EA}
	EndGlobalSection
EndGlobal
